
Microsoft Visual Studio Solution File, Format Version 12.00
# Visual Studio Version 17
VisualStudioVersion = 17.3.32929.385
MinimumVisualStudioVersion = 10.0.40219.1
Project("{FAE04EC0-301F-11D3-BF4B-00C04F79EFBC}") = "shooterP21120", "shooterP21120\shooterP21120.csproj", "{CF4C8E93-A883-49F4-AA25-2FE048D8B210}"
EndProject
Global
	GlobalSection(SolutionConfigurationPlatforms) = preSolution
		Debug|Any CPU = Debug|Any CPU
		Release|Any CPU = Release|Any CPU
	EndGlobalSection
	GlobalSection(ProjectConfigurationPlatforms) = postSolution
		{CF4C8E93-A883-49F4-AA25-2FE048D8B210}.Debug|Any CPU.ActiveCfg = Debug|Any CPU
		{CF4C8E93-A883-49F4-AA25-2FE048D8B210}.Debug|Any CPU.Build.0 = Debug|Any CPU
		{CF4C8E93-A883-49F4-AA25-2FE048D8B210}.Release|Any CPU.ActiveCfg = Release|Any CPU
		{CF4C8E93-A883-49F4-AA25-2FE048D8B210}.Release|Any CPU.Build.0 = Release|Any CPU
	EndGlobalSection
	GlobalSection(SolutionProperties) = preSolution
		HideSolutionNode = FALSE
	EndGlobalSection
	GlobalSection(ExtensibilityGlobals) = postSolution
		SolutionGuid = {609E5229-1487-4E67-8E74-18B63057801D}
	EndGlobalSection
EndGlobal
